// !$*UTF8*$!
{
	archiveVersion = 1;
	classes = {
	};
	objectVersion = 50;
	objects = {

/* Begin PBXBuildFile section */
		7B050C0E232B33E60064015B /* Chapter2.swift in Sources */ = {isa = PBXBuildFile; fileRef = 7B050C0D232B33E60064015B /* Chapter2.swift */; };
		7B050C10232B33F50064015B /* Chapter2Tests.swift in Sources */ = {isa = PBXBuildFile; fileRef = 7B050C0F232B33F50064015B /* Chapter2Tests.swift */; };
		7B6AB7E62331D9430050F328 /* Chapter3.swift in Sources */ = {isa = PBXBuildFile; fileRef = 7B6AB7E52331D9430050F328 /* Chapter3.swift */; };
		7B6AB7E82331D9510050F328 /* Chapter3Tests.swift in Sources */ = {isa = PBXBuildFile; fileRef = 7B6AB7E72331D9510050F328 /* Chapter3Tests.swift */; };
		7BA9D1A92329CE2400B6E48C /* AppDelegate.swift in Sources */ = {isa = PBXBuildFile; fileRef = 7BA9D1A82329CE2400B6E48C /* AppDelegate.swift */; };
		7BA9D1AB2329CE2400B6E48C /* ViewController.swift in Sources */ = {isa = PBXBuildFile; fileRef = 7BA9D1AA2329CE2400B6E48C /* ViewController.swift */; };
		7BA9D1AE2329CE2400B6E48C /* Main.storyboard in Resources */ = {isa = PBXBuildFile; fileRef = 7BA9D1AC2329CE2400B6E48C /* Main.storyboard */; };
		7BA9D1B02329CE2600B6E48C /* Assets.xcassets in Resources */ = {isa = PBXBuildFile; fileRef = 7BA9D1AF2329CE2600B6E48C /* Assets.xcassets */; };
		7BA9D1B32329CE2600B6E48C /* LaunchScreen.storyboard in Resources */ = {isa = PBXBuildFile; fileRef = 7BA9D1B12329CE2600B6E48C /* LaunchScreen.storyboard */; };
		7BA9D1C12329CE4B00B6E48C /* Chapter1Tests.swift in Sources */ = {isa = PBXBuildFile; fileRef = 7BA9D1C02329CE4B00B6E48C /* Chapter1Tests.swift */; };
		7BA9D1C92329CE7700B6E48C /* Chapter1.swift in Sources */ = {isa = PBXBuildFile; fileRef = 7BA9D1C82329CE7700B6E48C /* Chapter1.swift */; };
/* End PBXBuildFile section */

/* Begin PBXContainerItemProxy section */
		7BA9D1C32329CE4B00B6E48C /* PBXContainerItemProxy */ = {
			isa = PBXContainerItemProxy;
			containerPortal = 7BA9D19D2329CE2400B6E48C /* Project object */;
			proxyType = 1;
			remoteGlobalIDString = 7BA9D1A42329CE2400B6E48C;
			remoteInfo = swiftcodingchallenges;
		};
/* End PBXContainerItemProxy section */

/* Begin PBXFileReference section */
		7B050C0D232B33E60064015B /* Chapter2.swift */ = {isa = PBXFileReference; lastKnownFileType = sourcecode.swift; path = Chapter2.swift; sourceTree = "<group>"; };
		7B050C0F232B33F50064015B /* Chapter2Tests.swift */ = {isa = PBXFileReference; lastKnownFileType = sourcecode.swift; path = Chapter2Tests.swift; sourceTree = "<group>"; };
		7B6AB7E52331D9430050F328 /* Chapter3.swift */ = {isa = PBXFileReference; lastKnownFileType = sourcecode.swift; path = Chapter3.swift; sourceTree = "<group>"; };
		7B6AB7E72331D9510050F328 /* Chapter3Tests.swift */ = {isa = PBXFileReference; lastKnownFileType = sourcecode.swift; path = Chapter3Tests.swift; sourceTree = "<group>"; };
		7BA9D1A52329CE2400B6E48C /* swiftcodingchallenges.app */ = {isa = PBXFileReference; explicitFileType = wrapper.application; includeInIndex = 0; path = swiftcodingchallenges.app; sourceTree = BUILT_PRODUCTS_DIR; };
		7BA9D1A82329CE2400B6E48C /* AppDelegate.swift */ = {isa = PBXFileReference; lastKnownFileType = sourcecode.swift; path = AppDelegate.swift; sourceTree = "<group>"; };
		7BA9D1AA2329CE2400B6E48C /* ViewController.swift */ = {isa = PBXFileReference; lastKnownFileType = sourcecode.swift; path = ViewController.swift; sourceTree = "<group>"; };
		7BA9D1AD2329CE2400B6E48C /* Base */ = {isa = PBXFileReference; lastKnownFileType = file.storyboard; name = Base; path = Base.lproj/Main.storyboard; sourceTree = "<group>"; };
		7BA9D1AF2329CE2600B6E48C /* Assets.xcassets */ = {isa = PBXFileReference; lastKnownFileType = folder.assetcatalog; path = Assets.xcassets; sourceTree = "<group>"; };
		7BA9D1B22329CE2600B6E48C /* Base */ = {isa = PBXFileReference; lastKnownFileType = file.storyboard; name = Base; path = Base.lproj/LaunchScreen.storyboard; sourceTree = "<group>"; };
		7BA9D1B42329CE2600B6E48C /* Info.plist */ = {isa = PBXFileReference; lastKnownFileType = text.plist.xml; path = Info.plist; sourceTree = "<group>"; };
		7BA9D1BE2329CE4B00B6E48C /* swiftcodingchallengesTests.xctest */ = {isa = PBXFileReference; explicitFileType = wrapper.cfbundle; includeInIndex = 0; path = swiftcodingchallengesTests.xctest; sourceTree = BUILT_PRODUCTS_DIR; };
		7BA9D1C02329CE4B00B6E48C /* Chapter1Tests.swift */ = {isa = PBXFileReference; lastKnownFileType = sourcecode.swift; path = Chapter1Tests.swift; sourceTree = "<group>"; };
		7BA9D1C22329CE4B00B6E48C /* Info.plist */ = {isa = PBXFileReference; lastKnownFileType = text.plist.xml; path = Info.plist; sourceTree = "<group>"; };
		7BA9D1C82329CE7700B6E48C /* Chapter1.swift */ = {isa = PBXFileReference; lastKnownFileType = sourcecode.swift; path = Chapter1.swift; sourceTree = "<group>"; };
/* End PBXFileReference section */

/* Begin PBXFrameworksBuildPhase section */
		7BA9D1A22329CE2400B6E48C /* Frameworks */ = {
			isa = PBXFrameworksBuildPhase;
			buildActionMask = 2147483647;
			files = (
			);
			runOnlyForDeploymentPostprocessing = 0;
		};
		7BA9D1BB2329CE4B00B6E48C /* Frameworks */ = {
			isa = PBXFrameworksBuildPhase;
			buildActionMask = 2147483647;
			files = (
			);
			runOnlyForDeploymentPostprocessing = 0;
		};
/* End PBXFrameworksBuildPhase section */

/* Begin PBXGroup section */
		7BA9D19C2329CE2400B6E48C = {
			isa = PBXGroup;
			children = (
				7BA9D1A72329CE2400B6E48C /* swiftcodingchallenges */,
				7BA9D1BF2329CE4B00B6E48C /* swiftcodingchallengesTests */,
				7BA9D1A62329CE2400B6E48C /* Products */,
			);
			sourceTree = "<group>";
		};
		7BA9D1A62329CE2400B6E48C /* Products */ = {
			isa = PBXGroup;
			children = (
				7BA9D1A52329CE2400B6E48C /* swiftcodingchallenges.app */,
				7BA9D1BE2329CE4B00B6E48C /* swiftcodingchallengesTests.xctest */,
			);
			name = Products;
			sourceTree = "<group>";
		};
		7BA9D1A72329CE2400B6E48C /* swiftcodingchallenges */ = {
			isa = PBXGroup;
			children = (
				7BA9D1A82329CE2400B6E48C /* AppDelegate.swift */,
				7BA9D1AA2329CE2400B6E48C /* ViewController.swift */,
				7BA9D1AC2329CE2400B6E48C /* Main.storyboard */,
				7BA9D1AF2329CE2600B6E48C /* Assets.xcassets */,
				7BA9D1B12329CE2600B6E48C /* LaunchScreen.storyboard */,
				7BA9D1B42329CE2600B6E48C /* Info.plist */,
				7BA9D1C82329CE7700B6E48C /* Chapter1.swift */,
				7B050C0D232B33E60064015B /* Chapter2.swift */,
				7B6AB7E52331D9430050F328 /* Chapter3.swift */,
			);
			path = swiftcodingchallenges;
			sourceTree = "<group>";
		};
		7BA9D1BF2329CE4B00B6E48C /* swiftcodingchallengesTests */ = {
			isa = PBXGroup;
			children = (
				7BA9D1C02329CE4B00B6E48C /* Chapter1Tests.swift */,
				7B050C0F232B33F50064015B /* Chapter2Tests.swift */,
				7B6AB7E72331D9510050F328 /* Chapter3Tests.swift */,
				7BA9D1C22329CE4B00B6E48C /* Info.plist */,
			);
			path = swiftcodingchallengesTests;
			sourceTree = "<group>";
		};
/* End PBXGroup section */

/* Begin PBXNativeTarget section */
		7BA9D1A42329CE2400B6E48C /* swiftcodingchallenges */ = {
			isa = PBXNativeTarget;
			buildConfigurationList = 7BA9D1B72329CE2600B6E48C /* Build configuration list for PBXNativeTarget "swiftcodingchallenges" */;
			buildPhases = (
				7BA9D1A12329CE2400B6E48C /* Sources */,
				7BA9D1A22329CE2400B6E48C /* Frameworks */,
				7BA9D1A32329CE2400B6E48C /* Resources */,
			);
			buildRules = (
			);
			dependencies = (
			);
			name = swiftcodingchallenges;
			productName = swiftcodingchallenges;
			productReference = 7BA9D1A52329CE2400B6E48C /* swiftcodingchallenges.app */;
			productType = "com.apple.product-type.application";
		};
		7BA9D1BD2329CE4B00B6E48C /* swiftcodingchallengesTests */ = {
			isa = PBXNativeTarget;
			buildConfigurationList = 7BA9D1C52329CE4B00B6E48C /* Build configuration list for PBXNativeTarget "swiftcodingchallengesTests" */;
			buildPhases = (
				7BA9D1BA2329CE4B00B6E48C /* Sources */,
				7BA9D1BB2329CE4B00B6E48C /* Frameworks */,
				7BA9D1BC2329CE4B00B6E48C /* Resources */,
			);
			buildRules = (
			);
			dependencies = (
				7BA9D1C42329CE4B00B6E48C /* PBXTargetDependency */,
			);
			name = swiftcodingchallengesTests;
			productName = swiftcodingchallengesTests;
			productReference = 7BA9D1BE2329CE4B00B6E48C /* swiftcodingchallengesTests.xctest */;
			productType = "com.apple.product-type.bundle.unit-test";
		};
/* End PBXNativeTarget section */

/* Begin PBXProject section */
		7BA9D19D2329CE2400B6E48C /* Project object */ = {
			isa = PBXProject;
			attributes = {
				LastSwiftUpdateCheck = 1030;
				LastUpgradeCheck = 1030;
				ORGANIZATIONNAME = "Max Magee";
				TargetAttributes = {
					7BA9D1A42329CE2400B6E48C = {
						CreatedOnToolsVersion = 10.3;
					};
					7BA9D1BD2329CE4B00B6E48C = {
						CreatedOnToolsVersion = 10.3;
						TestTargetID = 7BA9D1A42329CE2400B6E48C;
					};
				};
			};
			buildConfigurationList = 7BA9D1A02329CE2400B6E48C /* Build configuration list for PBXProject "swiftcodingchallenges" */;
			compatibilityVersion = "Xcode 9.3";
			developmentRegion = en;
			hasScannedForEncodings = 0;
			knownRegions = (
				en,
				Base,
			);
			mainGroup = 7BA9D19C2329CE2400B6E48C;
			productRefGroup = 7BA9D1A62329CE2400B6E48C /* Products */;
			projectDirPath = "";
			projectRoot = "";
			targets = (
				7BA9D1A42329CE2400B6E48C /* swiftcodingchallenges */,
				7BA9D1BD2329CE4B00B6E48C /* swiftcodingchallengesTests */,
			);
		};
/* End PBXProject section */

/* Begin PBXResourcesBuildPhase section */
		7BA9D1A32329CE2400B6E48C /* Resources */ = {
			isa = PBXResourcesBuildPhase;
			buildActionMask = 2147483647;
			files = (
				7BA9D1B32329CE2600B6E48C /* LaunchScreen.storyboard in Resources */,
				7BA9D1B02329CE2600B6E48C /* Assets.xcassets in Resources */,
				7BA9D1AE2329CE2400B6E48C /* Main.storyboard in Resources */,
			);
			runOnlyForDeploymentPostprocessing = 0;
		};
		7BA9D1BC2329CE4B00B6E48C /* Resources */ = {
			isa = PBXResourcesBuildPhase;
			buildActionMask = 2147483647;
			files = (
			);
			runOnlyForDeploymentPostprocessing = 0;
		};
/* End PBXResourcesBuildPhase section */

/* Begin PBXSourcesBuildPhase section */
		7BA9D1A12329CE2400B6E48C /* Sources */ = {
			isa = PBXSourcesBuildPhase;
			buildActionMask = 2147483647;
			files = (
				7BA9D1AB2329CE2400B6E48C /* ViewController.swift in Sources */,
				7B6AB7E62331D9430050F328 /* Chapter3.swift in Sources */,
				7BA9D1A92329CE2400B6E48C /* AppDelegate.swift in Sources */,
				7B050C0E232B33E60064015B /* Chapter2.swift in Sources */,
				7BA9D1C92329CE7700B6E48C /* Chapter1.swift in Sources */,
			);
			runOnlyForDeploymentPostprocessing = 0;
		};
		7BA9D1BA2329CE4B00B6E48C /* Sources */ = {
			isa = PBXSourcesBuildPhase;
			buildActionMask = 2147483647;
			files = (
				7B050C10232B33F50064015B /* Chapter2Tests.swift in Sources */,
				7B6AB7E82331D9510050F328 /* Chapter3Tests.swift in Sources */,
				7BA9D1C12329CE4B00B6E48C /* Chapter1Tests.swift in Sources */,
			);
			runOnlyForDeploymentPostprocessing = 0;
		};
/* End PBXSourcesBuildPhase section */

/* Begin PBXTargetDependency section */
		7BA9D1C42329CE4B00B6E48C /* PBXTargetDependency */ = {
			isa = PBXTargetDependency;
			target = 7BA9D1A42329CE2400B6E48C /* swiftcodingchallenges */;
			targetProxy = 7BA9D1C32329CE4B00B6E48C /* PBXContainerItemProxy */;
		};
/* End PBXTargetDependency section */

/* Begin PBXVariantGroup section */
		7BA9D1AC2329CE2400B6E48C /* Main.storyboard */ = {
			isa = PBXVariantGroup;
			children = (
				7BA9D1AD2329CE2400B6E48C /* Base */,
			);
			name = Main.storyboard;
			sourceTree = "<group>";
		};
		7BA9D1B12329CE2600B6E48C /* LaunchScreen.storyboard */ = {
			isa = PBXVariantGroup;
			children = (
				7BA9D1B22329CE2600B6E48C /* Base */,
			);
			name = LaunchScreen.storyboard;
			sourceTree = "<group>";
		};
/* End PBXVariantGroup section */

/* Begin XCBuildConfiguration section */
		7BA9D1B52329CE2600B6E48C /* Debug */ = {
			isa = XCBuildConfiguration;
			buildSettings = {
				ALWAYS_SEARCH_USER_PATHS = NO;
				CLANG_ANALYZER_NONNULL = YES;
				CLANG_ANALYZER_NUMBER_OBJECT_CONVERSION = YES_AGGRESSIVE;
				CLANG_CXX_LANGUAGE_STANDARD = "gnu++14";
				CLANG_CXX_LIBRARY = "libc++";
				CLANG_ENABLE_MODULES = YES;
				CLANG_ENABLE_OBJC_ARC = YES;
				CLANG_ENABLE_OBJC_WEAK = YES;
				CLANG_WARN_BLOCK_CAPTURE_AUTORELEASING = YES;
				CLANG_WARN_BOOL_CONVERSION = YES;
				CLANG_WARN_COMMA = YES;
				CLANG_WARN_CONSTANT_CONVERSION = YES;
				CLANG_WARN_DEPRECATED_OBJC_IMPLEMENTATIONS = YES;
				CLANG_WARN_DIRECT_OBJC_ISA_USAGE = YES_ERROR;
				CLANG_WARN_DOCUMENTATION_COMMENTS = YES;
				CLANG_WARN_EMPTY_BODY = YES;
				CLANG_WARN_ENUM_CONVERSION = YES;
				CLANG_WARN_INFINITE_RECURSION = YES;
				CLANG_WARN_INT_CONVERSION = YES;
				CLANG_WARN_NON_LITERAL_NULL_CONVERSION = YES;
				CLANG_WARN_OBJC_IMPLICIT_RETAIN_SELF = YES;
				CLANG_WARN_OBJC_LITERAL_CONVERSION = YES;
				CLANG_WARN_OBJC_ROOT_CLASS = YES_ERROR;
				CLANG_WARN_RANGE_LOOP_ANALYSIS = YES;
				CLANG_WARN_STRICT_PROTOTYPES = YES;
				CLANG_WARN_SUSPICIOUS_MOVE = YES;
				CLANG_WARN_UNGUARDED_AVAILABILITY = YES_AGGRESSIVE;
				CLANG_WARN_UNREACHABLE_CODE = YES;
				CLANG_WARN__DUPLICATE_METHOD_MATCH = YES;
				CODE_SIGN_IDENTITY = "iPhone Developer";
				COPY_PHASE_STRIP = NO;
				DEBUG_INFORMATION_FORMAT = dwarf;
				ENABLE_STRICT_OBJC_MSGSEND = YES;
				ENABLE_TESTABILITY = YES;
				GCC_C_LANGUAGE_STANDARD = gnu11;
				GCC_DYNAMIC_NO_PIC = NO;
				GCC_NO_COMMON_BLOCKS = YES;
				GCC_OPTIMIZATION_LEVEL = 0;
				GCC_PREPROCESSOR_DEFINITIONS = (
					"DEBUG=1",
					"$(inherited)",
				);
				GCC_WARN_64_TO_32_BIT_CONVERSION = YES;
				GCC_WARN_ABOUT_RETURN_TYPE = YES_ERROR;
				GCC_WARN_UNDECLARED_SELECTOR = YES;
				GCC_WARN_UNINITIALIZED_AUTOS = YES_AGGRESSIVE;
				GCC_WARN_UNUSED_FUNCTION = YES;
				GCC_WARN_UNUSED_VARIABLE = YES;
				IPHONEOS_DEPLOYMENT_TARGET = 12.4;
				MTL_ENABLE_DEBUG_INFO = INCLUDE_SOURCE;
				MTL_FAST_MATH = YES;
				ONLY_ACTIVE_ARCH = YES;
				SDKROOT = iphoneos;
				SWIFT_ACTIVE_COMPILATION_CONDITIONS = DEBUG;
				SWIFT_OPTIMIZATION_LEVEL = "-Onone";
			};
			name = Debug;
		};
		7BA9D1B62329CE2600B6E48C /* Release */ = {
			isa = XCBuildConfiguration;
			buildSettings = {
				ALWAYS_SEARCH_USER_PATHS = NO;
				CLANG_ANALYZER_NONNULL = YES;
				CLANG_ANALYZER_NUMBER_OBJECT_CONVERSION = YES_AGGRESSIVE;
				CLANG_CXX_LANGUAGE_STANDARD = "gnu++14";
				CLANG_CXX_LIBRARY = "libc++";
				CLANG_ENABLE_MODULES = YES;
				CLANG_ENABLE_OBJC_ARC = YES;
				CLANG_ENABLE_OBJC_WEAK = YES;
				CLANG_WARN_BLOCK_CAPTURE_AUTORELEASING = YES;
				CLANG_WARN_BOOL_CONVERSION = YES;
				CLANG_WARN_COMMA = YES;
				CLANG_WARN_CONSTANT_CONVERSION = YES;
				CLANG_WARN_DEPRECATED_OBJC_IMPLEMENTATIONS = YES;
				CLANG_WARN_DIRECT_OBJC_ISA_USAGE = YES_ERROR;
				CLANG_WARN_DOCUMENTATION_COMMENTS = YES;
				CLANG_WARN_EMPTY_BODY = YES;
				CLANG_WARN_ENUM_CONVERSION = YES;
				CLANG_WARN_INFINITE_RECURSION = YES;
				CLANG_WARN_INT_CONVERSION = YES;
				CLANG_WARN_NON_LITERAL_NULL_CONVERSION = YES;
				CLANG_WARN_OBJC_IMPLICIT_RETAIN_SELF = YES;
				CLANG_WARN_OBJC_LITERAL_CONVERSION = YES;
				CLANG_WARN_OBJC_ROOT_CLASS = YES_ERROR;
				CLANG_WARN_RANGE_LOOP_ANALYSIS = YES;
				CLANG_WARN_STRICT_PROTOTYPES = YES;
				CLANG_WARN_SUSPICIOUS_MOVE = YES;
				CLANG_WARN_UNGUARDED_AVAILABILITY = YES_AGGRESSIVE;
				CLANG_WARN_UNREACHABLE_CODE = YES;
				CLANG_WARN__DUPLICATE_METHOD_MATCH = YES;
				CODE_SIGN_IDENTITY = "iPhone Developer";
				COPY_PHASE_STRIP = NO;
				DEBUG_INFORMATION_FORMAT = "dwarf-with-dsym";
				ENABLE_NS_ASSERTIONS = NO;
				ENABLE_STRICT_OBJC_MSGSEND = YES;
				GCC_C_LANGUAGE_STANDARD = gnu11;
				GCC_NO_COMMON_BLOCKS = YES;
				GCC_WARN_64_TO_32_BIT_CONVERSION = YES;
				GCC_WARN_ABOUT_RETURN_TYPE = YES_ERROR;
				GCC_WARN_UNDECLARED_SELECTOR = YES;
				GCC_WARN_UNINITIALIZED_AUTOS = YES_AGGRESSIVE;
				GCC_WARN_UNUSED_FUNCTION = YES;
				GCC_WARN_UNUSED_VARIABLE = YES;
				IPHONEOS_DEPLOYMENT_TARGET = 12.4;
				MTL_ENABLE_DEBUG_INFO = NO;
				MTL_FAST_MATH = YES;
				SDKROOT = iphoneos;
				SWIFT_COMPILATION_MODE = wholemodule;
				SWIFT_OPTIMIZATION_LEVEL = "-O";
				VALIDATE_PRODUCT = YES;
			};
			name = Release;
		};
		7BA9D1B82329CE2600B6E48C /* Debug */ = {
			isa = XCBuildConfiguration;
			buildSettings = {
				ASSETCATALOG_COMPILER_APPICON_NAME = AppIcon;
				CODE_SIGN_STYLE = Automatic;
				DEVELOPMENT_TEAM = 8NHDHY276M;
				INFOPLIST_FILE = swiftcodingchallenges/Info.plist;
				LD_RUNPATH_SEARCH_PATHS = (
					"$(inherited)",
					"@executable_path/Frameworks",
				);
				PRODUCT_BUNDLE_IDENTIFIER = com.maxmagee.swiftcodingchallenges;
				PRODUCT_NAME = "$(TARGET_NAME)";
				SWIFT_VERSION = 5.0;
				TARGETED_DEVICE_FAMILY = "1,2";
			};
			name = Debug;
		};
		7BA9D1B92329CE2600B6E48C /* Release */ = {
			isa = XCBuildConfiguration;
			buildSettings = {
				ASSETCATALOG_COMPILER_APPICON_NAME = AppIcon;
				CODE_SIGN_STYLE = Automatic;
				DEVELOPMENT_TEAM = 8NHDHY276M;
				INFOPLIST_FILE = swiftcodingchallenges/Info.plist;
				LD_RUNPATH_SEARCH_PATHS = (
					"$(inherited)",
					"@executable_path/Frameworks",
				);
				PRODUCT_BUNDLE_IDENTIFIER = com.maxmagee.swiftcodingchallenges;
				PRODUCT_NAME = "$(TARGET_NAME)";
				SWIFT_VERSION = 5.0;
				TARGETED_DEVICE_FAMILY = "1,2";
			};
			name = Release;
		};
		7BA9D1C62329CE4B00B6E48C /* Debug */ = {
			isa = XCBuildConfiguration;
			buildSettings = {
				BUNDLE_LOADER = "$(TEST_HOST)";
				CODE_SIGN_STYLE = Automatic;
				DEVELOPMENT_TEAM = 8NHDHY276M;
				INFOPLIST_FILE = swiftcodingchallengesTests/Info.plist;
				LD_RUNPATH_SEARCH_PATHS = (
					"$(inherited)",
					"@executable_path/Frameworks",
					"@loader_path/Frameworks",
				);
				PRODUCT_BUNDLE_IDENTIFIER = com.maxmagee.swiftcodingchallengesTests;
				PRODUCT_NAME = "$(TARGET_NAME)";
				SWIFT_VERSION = 5.0;
				TARGETED_DEVICE_FAMILY = "1,2";
				TEST_HOST = "$(BUILT_PRODUCTS_DIR)/swiftcodingchallenges.app/swiftcodingchallenges";
			};
			name = Debug;
		};
		7BA9D1C72329CE4B00B6E48C /* Release */ = {
			isa = XCBuildConfiguration;
			buildSettings = {
				BUNDLE_LOADER = "$(TEST_HOST)";
				CODE_SIGN_STYLE = Automatic;
				DEVELOPMENT_TEAM = 8NHDHY276M;
				INFOPLIST_FILE = swiftcodingchallengesTests/Info.plist;
				LD_RUNPATH_SEARCH_PATHS = (
					"$(inherited)",
					"@executable_path/Frameworks",
					"@loader_path/Frameworks",
				);
				PRODUCT_BUNDLE_IDENTIFIER = com.maxmagee.swiftcodingchallengesTests;
				PRODUCT_NAME = "$(TARGET_NAME)";
				SWIFT_VERSION = 5.0;
				TARGETED_DEVICE_FAMILY = "1,2";
				TEST_HOST = "$(BUILT_PRODUCTS_DIR)/swiftcodingchallenges.app/swiftcodingchallenges";
			};
			name = Release;
		};
/* End XCBuildConfiguration section */

/* Begin XCConfigurationList section */
		7BA9D1A02329CE2400B6E48C /* Build configuration list for PBXProject "swiftcodingchallenges" */ = {
			isa = XCConfigurationList;
			buildConfigurations = (
				7BA9D1B52329CE2600B6E48C /* Debug */,
				7BA9D1B62329CE2600B6E48C /* Release */,
			);
			defaultConfigurationIsVisible = 0;
			defaultConfigurationName = Release;
		};
		7BA9D1B72329CE2600B6E48C /* Build configuration list for PBXNativeTarget "swiftcodingchallenges" */ = {
			isa = XCConfigurationList;
			buildConfigurations = (
				7BA9D1B82329CE2600B6E48C /* Debug */,
				7BA9D1B92329CE2600B6E48C /* Release */,
			);
			defaultConfigurationIsVisible = 0;
			defaultConfigurationName = Release;
		};
		7BA9D1C52329CE4B00B6E48C /* Build configuration list for PBXNativeTarget "swiftcodingchallengesTests" */ = {
			isa = XCConfigurationList;
			buildConfigurations = (
				7BA9D1C62329CE4B00B6E48C /* Debug */,
				7BA9D1C72329CE4B00B6E48C /* Release */,
			);
			defaultConfigurationIsVisible = 0;
			defaultConfigurationName = Release;
		};
/* End XCConfigurationList section */
	};
	rootObject = 7BA9D19D2329CE2400B6E48C /* Project object */;
}
